// !$*UTF8*$!
{
	archiveVersion = 1;
	classes = {
	};
	objectVersion = 50;
	objects = {

/* Begin PBXBuildFile section */
		689323D925E8D8200010A8D9 /* LandmarksApp.swift in Sources */ = {isa = PBXBuildFile; fileRef = 689323D825E8D8200010A8D9 /* LandmarksApp.swift */; };
		689323DB25E8D8200010A8D9 /* ContentView.swift in Sources */ = {isa = PBXBuildFile; fileRef = 689323DA25E8D8200010A8D9 /* ContentView.swift */; };
		689323DD25E8D8210010A8D9 /* Assets.xcassets in Resources */ = {isa = PBXBuildFile; fileRef = 689323DC25E8D8210010A8D9 /* Assets.xcassets */; };
		689323E025E8D8210010A8D9 /* Preview Assets.xcassets in Resources */ = {isa = PBXBuildFile; fileRef = 689323DF25E8D8210010A8D9 /* Preview Assets.xcassets */; };
		689323EB25E8D8210010A8D9 /* LandmarksTests.swift in Sources */ = {isa = PBXBuildFile; fileRef = 689323EA25E8D8210010A8D9 /* LandmarksTests.swift */; };
		689323F625E8D8220010A8D9 /* LandmarksUITests.swift in Sources */ = {isa = PBXBuildFile; fileRef = 689323F525E8D8220010A8D9 /* LandmarksUITests.swift */; };
		6893240725E8DF520010A8D9 /* CircleImage.swift in Sources */ = {isa = PBXBuildFile; fileRef = 6893240625E8DF520010A8D9 /* CircleImage.swift */; };
		6893240C25E8DFE90010A8D9 /* MapView.swift in Sources */ = {isa = PBXBuildFile; fileRef = 6893240B25E8DFE90010A8D9 /* MapView.swift */; };
		6893241225E8E2E40010A8D9 /* landmarkData.json in Resources */ = {isa = PBXBuildFile; fileRef = 6893241125E8E2E40010A8D9 /* landmarkData.json */; };
		6893241925E8E33E0010A8D9 /* Landmark.swift in Sources */ = {isa = PBXBuildFile; fileRef = 6893241825E8E33E0010A8D9 /* Landmark.swift */; };
		6893242125E8E3B80010A8D9 /* ModelData.swift in Sources */ = {isa = PBXBuildFile; fileRef = 6893242025E8E3B80010A8D9 /* ModelData.swift */; };
		6893242625E8E4230010A8D9 /* LandmarkRow.swift in Sources */ = {isa = PBXBuildFile; fileRef = 6893242525E8E4230010A8D9 /* LandmarkRow.swift */; };
		6893242B25E8E5C70010A8D9 /* LandmarkList.swift in Sources */ = {isa = PBXBuildFile; fileRef = 6893242A25E8E5C70010A8D9 /* LandmarkList.swift */; };
		6893243025E8E6940010A8D9 /* LandmarkDetail.swift in Sources */ = {isa = PBXBuildFile; fileRef = 6893242F25E8E6940010A8D9 /* LandmarkDetail.swift */; };
/* End PBXBuildFile section */

/* Begin PBXContainerItemProxy section */
		689323E725E8D8210010A8D9 /* PBXContainerItemProxy */ = {
			isa = PBXContainerItemProxy;
			containerPortal = 689323CD25E8D8200010A8D9 /* Project object */;
			proxyType = 1;
			remoteGlobalIDString = 689323D425E8D8200010A8D9;
			remoteInfo = Landmarks;
		};
		689323F225E8D8220010A8D9 /* PBXContainerItemProxy */ = {
			isa = PBXContainerItemProxy;
			containerPortal = 689323CD25E8D8200010A8D9 /* Project object */;
			proxyType = 1;
			remoteGlobalIDString = 689323D425E8D8200010A8D9;
			remoteInfo = Landmarks;
		};
/* End PBXContainerItemProxy section */

/* Begin PBXFileReference section */
		689323D525E8D8200010A8D9 /* Landmarks.app */ = {isa = PBXFileReference; explicitFileType = wrapper.application; includeInIndex = 0; path = Landmarks.app; sourceTree = BUILT_PRODUCTS_DIR; };
		689323D825E8D8200010A8D9 /* LandmarksApp.swift */ = {isa = PBXFileReference; lastKnownFileType = sourcecode.swift; path = LandmarksApp.swift; sourceTree = "<group>"; };
		689323DA25E8D8200010A8D9 /* ContentView.swift */ = {isa = PBXFileReference; lastKnownFileType = sourcecode.swift; path = ContentView.swift; sourceTree = "<group>"; };
		689323DC25E8D8210010A8D9 /* Assets.xcassets */ = {isa = PBXFileReference; lastKnownFileType = folder.assetcatalog; path = Assets.xcassets; sourceTree = "<group>"; };
		689323DF25E8D8210010A8D9 /* Preview Assets.xcassets */ = {isa = PBXFileReference; lastKnownFileType = folder.assetcatalog; path = "Preview Assets.xcassets"; sourceTree = "<group>"; };
		689323E125E8D8210010A8D9 /* Info.plist */ = {isa = PBXFileReference; lastKnownFileType = text.plist.xml; path = Info.plist; sourceTree = "<group>"; };
		689323E625E8D8210010A8D9 /* LandmarksTests.xctest */ = {isa = PBXFileReference; explicitFileType = wrapper.cfbundle; includeInIndex = 0; path = LandmarksTests.xctest; sourceTree = BUILT_PRODUCTS_DIR; };
		689323EA25E8D8210010A8D9 /* LandmarksTests.swift */ = {isa = PBXFileReference; lastKnownFileType = sourcecode.swift; path = LandmarksTests.swift; sourceTree = "<group>"; };
		689323EC25E8D8210010A8D9 /* Info.plist */ = {isa = PBXFileReference; lastKnownFileType = text.plist.xml; path = Info.plist; sourceTree = "<group>"; };
		689323F125E8D8220010A8D9 /* LandmarksUITests.xctest */ = {isa = PBXFileReference; explicitFileType = wrapper.cfbundle; includeInIndex = 0; path = LandmarksUITests.xctest; sourceTree = BUILT_PRODUCTS_DIR; };
		689323F525E8D8220010A8D9 /* LandmarksUITests.swift */ = {isa = PBXFileReference; lastKnownFileType = sourcecode.swift; path = LandmarksUITests.swift; sourceTree = "<group>"; };
		689323F725E8D8220010A8D9 /* Info.plist */ = {isa = PBXFileReference; lastKnownFileType = text.plist.xml; path = Info.plist; sourceTree = "<group>"; };
		6893240625E8DF520010A8D9 /* CircleImage.swift */ = {isa = PBXFileReference; lastKnownFileType = sourcecode.swift; path = CircleImage.swift; sourceTree = "<group>"; };
		6893240B25E8DFE90010A8D9 /* MapView.swift */ = {isa = PBXFileReference; lastKnownFileType = sourcecode.swift; path = MapView.swift; sourceTree = "<group>"; };
		6893241125E8E2E40010A8D9 /* landmarkData.json */ = {isa = PBXFileReference; fileEncoding = 4; lastKnownFileType = text.json; path = landmarkData.json; sourceTree = "<group>"; };
		6893241825E8E33E0010A8D9 /* Landmark.swift */ = {isa = PBXFileReference; lastKnownFileType = sourcecode.swift; path = Landmark.swift; sourceTree = "<group>"; };
		6893242025E8E3B80010A8D9 /* ModelData.swift */ = {isa = PBXFileReference; lastKnownFileType = sourcecode.swift; path = ModelData.swift; sourceTree = "<group>"; };
		6893242525E8E4230010A8D9 /* LandmarkRow.swift */ = {isa = PBXFileReference; lastKnownFileType = sourcecode.swift; path = LandmarkRow.swift; sourceTree = "<group>"; };
		6893242A25E8E5C70010A8D9 /* LandmarkList.swift */ = {isa = PBXFileReference; lastKnownFileType = sourcecode.swift; path = LandmarkList.swift; sourceTree = "<group>"; };
		6893242F25E8E6940010A8D9 /* LandmarkDetail.swift */ = {isa = PBXFileReference; lastKnownFileType = sourcecode.swift; path = LandmarkDetail.swift; sourceTree = "<group>"; };
/* End PBXFileReference section */

/* Begin PBXFrameworksBuildPhase section */
		689323D225E8D8200010A8D9 /* Frameworks */ = {
			isa = PBXFrameworksBuildPhase;
			buildActionMask = 2147483647;
			files = (
			);
			runOnlyForDeploymentPostprocessing = 0;
		};
		689323E325E8D8210010A8D9 /* Frameworks */ = {
			isa = PBXFrameworksBuildPhase;
			buildActionMask = 2147483647;
			files = (
			);
			runOnlyForDeploymentPostprocessing = 0;
		};
		689323EE25E8D8220010A8D9 /* Frameworks */ = {
			isa = PBXFrameworksBuildPhase;
			buildActionMask = 2147483647;
			files = (
			);
			runOnlyForDeploymentPostprocessing = 0;
		};
/* End PBXFrameworksBuildPhase section */

/* Begin PBXGroup section */
		689323CC25E8D8200010A8D9 = {
			isa = PBXGroup;
			children = (
				689323D725E8D8200010A8D9 /* Landmarks */,
				689323E925E8D8210010A8D9 /* LandmarksTests */,
				689323F425E8D8220010A8D9 /* LandmarksUITests */,
				689323D625E8D8200010A8D9 /* Products */,
			);
			sourceTree = "<group>";
		};
		689323D625E8D8200010A8D9 /* Products */ = {
			isa = PBXGroup;
			children = (
				689323D525E8D8200010A8D9 /* Landmarks.app */,
				689323E625E8D8210010A8D9 /* LandmarksTests.xctest */,
				689323F125E8D8220010A8D9 /* LandmarksUITests.xctest */,
			);
			name = Products;
			sourceTree = "<group>";
		};
		689323D725E8D8200010A8D9 /* Landmarks */ = {
			isa = PBXGroup;
			children = (
				6893241725E8E3250010A8D9 /* Views */,
				6893241625E8E3150010A8D9 /* Model */,
				6893241025E8E2930010A8D9 /* Resources */,
				689323E125E8D8210010A8D9 /* Info.plist */,
				689323D825E8D8200010A8D9 /* LandmarksApp.swift */,
				689323DE25E8D8210010A8D9 /* Preview Content */,
			);
			path = Landmarks;
			sourceTree = "<group>";
		};
		689323DE25E8D8210010A8D9 /* Preview Content */ = {
			isa = PBXGroup;
			children = (
				689323DF25E8D8210010A8D9 /* Preview Assets.xcassets */,
			);
			path = "Preview Content";
			sourceTree = "<group>";
		};
		689323E925E8D8210010A8D9 /* LandmarksTests */ = {
			isa = PBXGroup;
			children = (
				689323EA25E8D8210010A8D9 /* LandmarksTests.swift */,
				689323EC25E8D8210010A8D9 /* Info.plist */,
			);
			path = LandmarksTests;
			sourceTree = "<group>";
		};
		689323F425E8D8220010A8D9 /* LandmarksUITests */ = {
			isa = PBXGroup;
			children = (
				689323F525E8D8220010A8D9 /* LandmarksUITests.swift */,
				689323F725E8D8220010A8D9 /* Info.plist */,
			);
			path = LandmarksUITests;
			sourceTree = "<group>";
		};
		6893241025E8E2930010A8D9 /* Resources */ = {
			isa = PBXGroup;
			children = (
				6893241125E8E2E40010A8D9 /* landmarkData.json */,
				689323DC25E8D8210010A8D9 /* Assets.xcassets */,
			);
			path = Resources;
			sourceTree = "<group>";
		};
		6893241625E8E3150010A8D9 /* Model */ = {
			isa = PBXGroup;
			children = (
				6893241825E8E33E0010A8D9 /* Landmark.swift */,
				6893242025E8E3B80010A8D9 /* ModelData.swift */,
			);
			path = Model;
			sourceTree = "<group>";
		};
		6893241725E8E3250010A8D9 /* Views */ = {
			isa = PBXGroup;
			children = (
				6893240625E8DF520010A8D9 /* CircleImage.swift */,
				689323DA25E8D8200010A8D9 /* ContentView.swift */,
				6893242F25E8E6940010A8D9 /* LandmarkDetail.swift */,
				6893242A25E8E5C70010A8D9 /* LandmarkList.swift */,
				6893242525E8E4230010A8D9 /* LandmarkRow.swift */,
				6893240B25E8DFE90010A8D9 /* MapView.swift */,
			);
			path = Views;
			sourceTree = "<group>";
		};
/* End PBXGroup section */

/* Begin PBXNativeTarget section */
		689323D425E8D8200010A8D9 /* Landmarks */ = {
			isa = PBXNativeTarget;
			buildConfigurationList = 689323FA25E8D8220010A8D9 /* Build configuration list for PBXNativeTarget "Landmarks" */;
			buildPhases = (
				689323D125E8D8200010A8D9 /* Sources */,
				689323D225E8D8200010A8D9 /* Frameworks */,
				689323D325E8D8200010A8D9 /* Resources */,
			);
			buildRules = (
			);
			dependencies = (
			);
			name = Landmarks;
			productName = Landmarks;
			productReference = 689323D525E8D8200010A8D9 /* Landmarks.app */;
			productType = "com.apple.product-type.application";
		};
		689323E525E8D8210010A8D9 /* LandmarksTests */ = {
			isa = PBXNativeTarget;
			buildConfigurationList = 689323FD25E8D8220010A8D9 /* Build configuration list for PBXNativeTarget "LandmarksTests" */;
			buildPhases = (
				689323E225E8D8210010A8D9 /* Sources */,
				689323E325E8D8210010A8D9 /* Frameworks */,
				689323E425E8D8210010A8D9 /* Resources */,
			);
			buildRules = (
			);
			dependencies = (
				689323E825E8D8210010A8D9 /* PBXTargetDependency */,
			);
			name = LandmarksTests;
			productName = LandmarksTests;
			productReference = 689323E625E8D8210010A8D9 /* LandmarksTests.xctest */;
			productType = "com.apple.product-type.bundle.unit-test";
		};
		689323F025E8D8220010A8D9 /* LandmarksUITests */ = {
			isa = PBXNativeTarget;
			buildConfigurationList = 6893240025E8D8220010A8D9 /* Build configuration list for PBXNativeTarget "LandmarksUITests" */;
			buildPhases = (
				689323ED25E8D8220010A8D9 /* Sources */,
				689323EE25E8D8220010A8D9 /* Frameworks */,
				689323EF25E8D8220010A8D9 /* Resources */,
			);
			buildRules = (
			);
			dependencies = (
				689323F325E8D8220010A8D9 /* PBXTargetDependency */,
			);
			name = LandmarksUITests;
			productName = LandmarksUITests;
			productReference = 689323F125E8D8220010A8D9 /* LandmarksUITests.xctest */;
			productType = "com.apple.product-type.bundle.ui-testing";
		};
/* End PBXNativeTarget section */

/* Begin PBXProject section */
		689323CD25E8D8200010A8D9 /* Project object */ = {
			isa = PBXProject;
			attributes = {
				LastSwiftUpdateCheck = 1240;
				LastUpgradeCheck = 1240;
				TargetAttributes = {
					689323D425E8D8200010A8D9 = {
						CreatedOnToolsVersion = 12.4;
					};
					689323E525E8D8210010A8D9 = {
						CreatedOnToolsVersion = 12.4;
						TestTargetID = 689323D425E8D8200010A8D9;
					};
					689323F025E8D8220010A8D9 = {
						CreatedOnToolsVersion = 12.4;
						TestTargetID = 689323D425E8D8200010A8D9;
					};
				};
			};
			buildConfigurationList = 689323D025E8D8200010A8D9 /* Build configuration list for PBXProject "Landmarks" */;
			compatibilityVersion = "Xcode 9.3";
			developmentRegion = en;
			hasScannedForEncodings = 0;
			knownRegions = (
				en,
				Base,
			);
			mainGroup = 689323CC25E8D8200010A8D9;
			productRefGroup = 689323D625E8D8200010A8D9 /* Products */;
			projectDirPath = "";
			projectRoot = "";
			targets = (
				689323D425E8D8200010A8D9 /* Landmarks */,
				689323E525E8D8210010A8D9 /* LandmarksTests */,
				689323F025E8D8220010A8D9 /* LandmarksUITests */,
			);
		};
/* End PBXProject section */

/* Begin PBXResourcesBuildPhase section */
		689323D325E8D8200010A8D9 /* Resources */ = {
			isa = PBXResourcesBuildPhase;
			buildActionMask = 2147483647;
			files = (
				689323E025E8D8210010A8D9 /* Preview Assets.xcassets in Resources */,
				689323DD25E8D8210010A8D9 /* Assets.xcassets in Resources */,
				6893241225E8E2E40010A8D9 /* landmarkData.json in Resources */,
			);
			runOnlyForDeploymentPostprocessing = 0;
		};
		689323E425E8D8210010A8D9 /* Resources */ = {
			isa = PBXResourcesBuildPhase;
			buildActionMask = 2147483647;
			files = (
			);
			runOnlyForDeploymentPostprocessing = 0;
		};
		689323EF25E8D8220010A8D9 /* Resources */ = {
			isa = PBXResourcesBuildPhase;
			buildActionMask = 2147483647;
			files = (
			);
			runOnlyForDeploymentPostprocessing = 0;
		};
/* End PBXResourcesBuildPhase section */

/* Begin PBXSourcesBuildPhase section */
		689323D125E8D8200010A8D9 /* Sources */ = {
			isa = PBXSourcesBuildPhase;
			buildActionMask = 2147483647;
			files = (
				689323DB25E8D8200010A8D9 /* ContentView.swift in Sources */,
				6893240C25E8DFE90010A8D9 /* MapView.swift in Sources */,
				689323D925E8D8200010A8D9 /* LandmarksApp.swift in Sources */,
				6893242B25E8E5C70010A8D9 /* LandmarkList.swift in Sources */,
				6893243025E8E6940010A8D9 /* LandmarkDetail.swift in Sources */,
				6893240725E8DF520010A8D9 /* CircleImage.swift in Sources */,
				6893241925E8E33E0010A8D9 /* Landmark.swift in Sources */,
				6893242625E8E4230010A8D9 /* LandmarkRow.swift in Sources */,
				6893242125E8E3B80010A8D9 /* ModelData.swift in Sources */,
			);
			runOnlyForDeploymentPostprocessing = 0;
		};
		689323E225E8D8210010A8D9 /* Sources */ = {
			isa = PBXSourcesBuildPhase;
			buildActionMask = 2147483647;
			files = (
				689323EB25E8D8210010A8D9 /* LandmarksTests.swift in Sources */,
			);
			runOnlyForDeploymentPostprocessing = 0;
		};
		689323ED25E8D8220010A8D9 /* Sources */ = {
			isa = PBXSourcesBuildPhase;
			buildActionMask = 2147483647;
			files = (
				689323F625E8D8220010A8D9 /* LandmarksUITests.swift in Sources */,
			);
			runOnlyForDeploymentPostprocessing = 0;
		};
/* End PBXSourcesBuildPhase section */

/* Begin PBXTargetDependency section */
		689323E825E8D8210010A8D9 /* PBXTargetDependency */ = {
			isa = PBXTargetDependency;
			target = 689323D425E8D8200010A8D9 /* Landmarks */;
			targetProxy = 689323E725E8D8210010A8D9 /* PBXContainerItemProxy */;
		};
		689323F325E8D8220010A8D9 /* PBXTargetDependency */ = {
			isa = PBXTargetDependency;
			target = 689323D425E8D8200010A8D9 /* Landmarks */;
			targetProxy = 689323F225E8D8220010A8D9 /* PBXContainerItemProxy */;
		};
/* End PBXTargetDependency section */

/* Begin XCBuildConfiguration section */
		689323F825E8D8220010A8D9 /* Debug */ = {
			isa = XCBuildConfiguration;
			buildSettings = {
				ALWAYS_SEARCH_USER_PATHS = NO;
				CLANG_ANALYZER_NONNULL = YES;
				CLANG_ANALYZER_NUMBER_OBJECT_CONVERSION = YES_AGGRESSIVE;
				CLANG_CXX_LANGUAGE_STANDARD = "gnu++14";
				CLANG_CXX_LIBRARY = "libc++";
				CLANG_ENABLE_MODULES = YES;
				CLANG_ENABLE_OBJC_ARC = YES;
				CLANG_ENABLE_OBJC_WEAK = YES;
				CLANG_WARN_BLOCK_CAPTURE_AUTORELEASING = YES;
				CLANG_WARN_BOOL_CONVERSION = YES;
				CLANG_WARN_COMMA = YES;
				CLANG_WARN_CONSTANT_CONVERSION = YES;
				CLANG_WARN_DEPRECATED_OBJC_IMPLEMENTATIONS = YES;
				CLANG_WARN_DIRECT_OBJC_ISA_USAGE = YES_ERROR;
				CLANG_WARN_DOCUMENTATION_COMMENTS = YES;
				CLANG_WARN_EMPTY_BODY = YES;
				CLANG_WARN_ENUM_CONVERSION = YES;
				CLANG_WARN_INFINITE_RECURSION = YES;
				CLANG_WARN_INT_CONVERSION = YES;
				CLANG_WARN_NON_LITERAL_NULL_CONVERSION = YES;
				CLANG_WARN_OBJC_IMPLICIT_RETAIN_SELF = YES;
				CLANG_WARN_OBJC_LITERAL_CONVERSION = YES;
				CLANG_WARN_OBJC_ROOT_CLASS = YES_ERROR;
				CLANG_WARN_QUOTED_INCLUDE_IN_FRAMEWORK_HEADER = YES;
				CLANG_WARN_RANGE_LOOP_ANALYSIS = YES;
				CLANG_WARN_STRICT_PROTOTYPES = YES;
				CLANG_WARN_SUSPICIOUS_MOVE = YES;
				CLANG_WARN_UNGUARDED_AVAILABILITY = YES_AGGRESSIVE;
				CLANG_WARN_UNREACHABLE_CODE = YES;
				CLANG_WARN__DUPLICATE_METHOD_MATCH = YES;
				COPY_PHASE_STRIP = NO;
				DEBUG_INFORMATION_FORMAT = dwarf;
				ENABLE_STRICT_OBJC_MSGSEND = YES;
				ENABLE_TESTABILITY = YES;
				GCC_C_LANGUAGE_STANDARD = gnu11;
				GCC_DYNAMIC_NO_PIC = NO;
				GCC_NO_COMMON_BLOCKS = YES;
				GCC_OPTIMIZATION_LEVEL = 0;
				GCC_PREPROCESSOR_DEFINITIONS = (
					"DEBUG=1",
					"$(inherited)",
				);
				GCC_WARN_64_TO_32_BIT_CONVERSION = YES;
				GCC_WARN_ABOUT_RETURN_TYPE = YES_ERROR;
				GCC_WARN_UNDECLARED_SELECTOR = YES;
				GCC_WARN_UNINITIALIZED_AUTOS = YES_AGGRESSIVE;
				GCC_WARN_UNUSED_FUNCTION = YES;
				GCC_WARN_UNUSED_VARIABLE = YES;
				IPHONEOS_DEPLOYMENT_TARGET = 14.4;
				MTL_ENABLE_DEBUG_INFO = INCLUDE_SOURCE;
				MTL_FAST_MATH = YES;
				ONLY_ACTIVE_ARCH = YES;
				SDKROOT = iphoneos;
				SWIFT_ACTIVE_COMPILATION_CONDITIONS = DEBUG;
				SWIFT_OPTIMIZATION_LEVEL = "-Onone";
			};
			name = Debug;
		};
		689323F925E8D8220010A8D9 /* Release */ = {
			isa = XCBuildConfiguration;
			buildSettings = {
				ALWAYS_SEARCH_USER_PATHS = NO;
				CLANG_ANALYZER_NONNULL = YES;
				CLANG_ANALYZER_NUMBER_OBJECT_CONVERSION = YES_AGGRESSIVE;
				CLANG_CXX_LANGUAGE_STANDARD = "gnu++14";
				CLANG_CXX_LIBRARY = "libc++";
				CLANG_ENABLE_MODULES = YES;
				CLANG_ENABLE_OBJC_ARC = YES;
				CLANG_ENABLE_OBJC_WEAK = YES;
				CLANG_WARN_BLOCK_CAPTURE_AUTORELEASING = YES;
				CLANG_WARN_BOOL_CONVERSION = YES;
				CLANG_WARN_COMMA = YES;
				CLANG_WARN_CONSTANT_CONVERSION = YES;
				CLANG_WARN_DEPRECATED_OBJC_IMPLEMENTATIONS = YES;
				CLANG_WARN_DIRECT_OBJC_ISA_USAGE = YES_ERROR;
				CLANG_WARN_DOCUMENTATION_COMMENTS = YES;
				CLANG_WARN_EMPTY_BODY = YES;
				CLANG_WARN_ENUM_CONVERSION = YES;
				CLANG_WARN_INFINITE_RECURSION = YES;
				CLANG_WARN_INT_CONVERSION = YES;
				CLANG_WARN_NON_LITERAL_NULL_CONVERSION = YES;
				CLANG_WARN_OBJC_IMPLICIT_RETAIN_SELF = YES;
				CLANG_WARN_OBJC_LITERAL_CONVERSION = YES;
				CLANG_WARN_OBJC_ROOT_CLASS = YES_ERROR;
				CLANG_WARN_QUOTED_INCLUDE_IN_FRAMEWORK_HEADER = YES;
				CLANG_WARN_RANGE_LOOP_ANALYSIS = YES;
				CLANG_WARN_STRICT_PROTOTYPES = YES;
				CLANG_WARN_SUSPICIOUS_MOVE = YES;
				CLANG_WARN_UNGUARDED_AVAILABILITY = YES_AGGRESSIVE;
				CLANG_WARN_UNREACHABLE_CODE = YES;
				CLANG_WARN__DUPLICATE_METHOD_MATCH = YES;
				COPY_PHASE_STRIP = NO;
				DEBUG_INFORMATION_FORMAT = "dwarf-with-dsym";
				ENABLE_NS_ASSERTIONS = NO;
				ENABLE_STRICT_OBJC_MSGSEND = YES;
				GCC_C_LANGUAGE_STANDARD = gnu11;
				GCC_NO_COMMON_BLOCKS = YES;
				GCC_WARN_64_TO_32_BIT_CONVERSION = YES;
				GCC_WARN_ABOUT_RETURN_TYPE = YES_ERROR;
				GCC_WARN_UNDECLARED_SELECTOR = YES;
				GCC_WARN_UNINITIALIZED_AUTOS = YES_AGGRESSIVE;
				GCC_WARN_UNUSED_FUNCTION = YES;
				GCC_WARN_UNUSED_VARIABLE = YES;
				IPHONEOS_DEPLOYMENT_TARGET = 14.4;
				MTL_ENABLE_DEBUG_INFO = NO;
				MTL_FAST_MATH = YES;
				SDKROOT = iphoneos;
				SWIFT_COMPILATION_MODE = wholemodule;
				SWIFT_OPTIMIZATION_LEVEL = "-O";
				VALIDATE_PRODUCT = YES;
			};
			name = Release;
		};
		689323FB25E8D8220010A8D9 /* Debug */ = {
			isa = XCBuildConfiguration;
			buildSettings = {
				ASSETCATALOG_COMPILER_APPICON_NAME = AppIcon;
				ASSETCATALOG_COMPILER_GLOBAL_ACCENT_COLOR_NAME = AccentColor;
				CODE_SIGN_STYLE = Automatic;
				DEVELOPMENT_ASSET_PATHS = "\"Landmarks/Preview Content\"";
				DEVELOPMENT_TEAM = 5QF8353AM3;
				ENABLE_PREVIEWS = YES;
				INFOPLIST_FILE = Landmarks/Info.plist;
				IPHONEOS_DEPLOYMENT_TARGET = 14.0;
				LD_RUNPATH_SEARCH_PATHS = (
					"$(inherited)",
					"@executable_path/Frameworks",
				);
				PRODUCT_BUNDLE_IDENTIFIER = test.Landmarks;
				PRODUCT_NAME = "$(TARGET_NAME)";
				SWIFT_VERSION = 5.0;
				TARGETED_DEVICE_FAMILY = "1,2";
			};
			name = Debug;
		};
		689323FC25E8D8220010A8D9 /* Release */ = {
			isa = XCBuildConfiguration;
			buildSettings = {
				ASSETCATALOG_COMPILER_APPICON_NAME = AppIcon;
				ASSETCATALOG_COMPILER_GLOBAL_ACCENT_COLOR_NAME = AccentColor;
				CODE_SIGN_STYLE = Automatic;
				DEVELOPMENT_ASSET_PATHS = "\"Landmarks/Preview Content\"";
				DEVELOPMENT_TEAM = 5QF8353AM3;
				ENABLE_PREVIEWS = YES;
				INFOPLIST_FILE = Landmarks/Info.plist;
				IPHONEOS_DEPLOYMENT_TARGET = 14.0;
				LD_RUNPATH_SEARCH_PATHS = (
					"$(inherited)",
					"@executable_path/Frameworks",
				);
				PRODUCT_BUNDLE_IDENTIFIER = test.Landmarks;
				PRODUCT_NAME = "$(TARGET_NAME)";
				SWIFT_VERSION = 5.0;
				TARGETED_DEVICE_FAMILY = "1,2";
			};
			name = Release;
		};
		689323FE25E8D8220010A8D9 /* Debug */ = {
			isa = XCBuildConfiguration;
			buildSettings = {
				ALWAYS_EMBED_SWIFT_STANDARD_LIBRARIES = YES;
				BUNDLE_LOADER = "$(TEST_HOST)";
				CODE_SIGN_STYLE = Automatic;
				DEVELOPMENT_TEAM = 5QF8353AM3;
				INFOPLIST_FILE = LandmarksTests/Info.plist;
				IPHONEOS_DEPLOYMENT_TARGET = 14.0;
				LD_RUNPATH_SEARCH_PATHS = (
					"$(inherited)",
					"@executable_path/Frameworks",
					"@loader_path/Frameworks",
				);
				PRODUCT_BUNDLE_IDENTIFIER = test.LandmarksTests;
				PRODUCT_NAME = "$(TARGET_NAME)";
				SWIFT_VERSION = 5.0;
				TARGETED_DEVICE_FAMILY = "1,2";
				TEST_HOST = "$(BUILT_PRODUCTS_DIR)/Landmarks.app/Landmarks";
			};
			name = Debug;
		};
		689323FF25E8D8220010A8D9 /* Release */ = {
			isa = XCBuildConfiguration;
			buildSettings = {
				ALWAYS_EMBED_SWIFT_STANDARD_LIBRARIES = YES;
				BUNDLE_LOADER = "$(TEST_HOST)";
				CODE_SIGN_STYLE = Automatic;
				DEVELOPMENT_TEAM = 5QF8353AM3;
				INFOPLIST_FILE = LandmarksTests/Info.plist;
				IPHONEOS_DEPLOYMENT_TARGET = 14.0;
				LD_RUNPATH_SEARCH_PATHS = (
					"$(inherited)",
					"@executable_path/Frameworks",
					"@loader_path/Frameworks",
				);
				PRODUCT_BUNDLE_IDENTIFIER = test.LandmarksTests;
				PRODUCT_NAME = "$(TARGET_NAME)";
				SWIFT_VERSION = 5.0;
				TARGETED_DEVICE_FAMILY = "1,2";
				TEST_HOST = "$(BUILT_PRODUCTS_DIR)/Landmarks.app/Landmarks";
			};
			name = Release;
		};
		6893240125E8D8220010A8D9 /* Debug */ = {
			isa = XCBuildConfiguration;
			buildSettings = {
				ALWAYS_EMBED_SWIFT_STANDARD_LIBRARIES = YES;
				CODE_SIGN_STYLE = Automatic;
				DEVELOPMENT_TEAM = 5QF8353AM3;
				INFOPLIST_FILE = LandmarksUITests/Info.plist;
				LD_RUNPATH_SEARCH_PATHS = (
					"$(inherited)",
					"@executable_path/Frameworks",
					"@loader_path/Frameworks",
				);
				PRODUCT_BUNDLE_IDENTIFIER = test.LandmarksUITests;
				PRODUCT_NAME = "$(TARGET_NAME)";
				SWIFT_VERSION = 5.0;
				TARGETED_DEVICE_FAMILY = "1,2";
				TEST_TARGET_NAME = Landmarks;
			};
			name = Debug;
		};
		6893240225E8D8220010A8D9 /* Release */ = {
			isa = XCBuildConfiguration;
			buildSettings = {
				ALWAYS_EMBED_SWIFT_STANDARD_LIBRARIES = YES;
				CODE_SIGN_STYLE = Automatic;
				DEVELOPMENT_TEAM = 5QF8353AM3;
				INFOPLIST_FILE = LandmarksUITests/Info.plist;
				LD_RUNPATH_SEARCH_PATHS = (
					"$(inherited)",
					"@executable_path/Frameworks",
					"@loader_path/Frameworks",
				);
				PRODUCT_BUNDLE_IDENTIFIER = test.LandmarksUITests;
				PRODUCT_NAME = "$(TARGET_NAME)";
				SWIFT_VERSION = 5.0;
				TARGETED_DEVICE_FAMILY = "1,2";
				TEST_TARGET_NAME = Landmarks;
			};
			name = Release;
		};
/* End XCBuildConfiguration section */

/* Begin XCConfigurationList section */
		689323D025E8D8200010A8D9 /* Build configuration list for PBXProject "Landmarks" */ = {
			isa = XCConfigurationList;
			buildConfigurations = (
				689323F825E8D8220010A8D9 /* Debug */,
				689323F925E8D8220010A8D9 /* Release */,
			);
			defaultConfigurationIsVisible = 0;
			defaultConfigurationName = Release;
		};
		689323FA25E8D8220010A8D9 /* Build configuration list for PBXNativeTarget "Landmarks" */ = {
			isa = XCConfigurationList;
			buildConfigurations = (
				689323FB25E8D8220010A8D9 /* Debug */,
				689323FC25E8D8220010A8D9 /* Release */,
			);
			defaultConfigurationIsVisible = 0;
			defaultConfigurationName = Release;
		};
		689323FD25E8D8220010A8D9 /* Build configuration list for PBXNativeTarget "LandmarksTests" */ = {
			isa = XCConfigurationList;
			buildConfigurations = (
				689323FE25E8D8220010A8D9 /* Debug */,
				689323FF25E8D8220010A8D9 /* Release */,
			);
			defaultConfigurationIsVisible = 0;
			defaultConfigurationName = Release;
		};
		6893240025E8D8220010A8D9 /* Build configuration list for PBXNativeTarget "LandmarksUITests" */ = {
			isa = XCConfigurationList;
			buildConfigurations = (
				6893240125E8D8220010A8D9 /* Debug */,
				6893240225E8D8220010A8D9 /* Release */,
			);
			defaultConfigurationIsVisible = 0;
			defaultConfigurationName = Release;
		};
/* End XCConfigurationList section */
	};
	rootObject = 689323CD25E8D8200010A8D9 /* Project object */;
}
